
Microsoft Visual Studio Solution File, Format Version 12.00
# Visual Studio 15
VisualStudioVersion = 15.0.27004.2010
MinimumVisualStudioVersion = 10.0.40219.1
Project("{FAE04EC0-301F-11D3-BF4B-00C04F79EFBC}") = "pv_App", "pv_App\pv_App.csproj", "{492D2BAA-37E4-4668-8467-F803C5C1F31A}"
EndProject
Global
	GlobalSection(SolutionConfigurationPlatforms) = preSolution
		Debug|Any CPU = Debug|Any CPU
		Release|Any CPU = Release|Any CPU
	EndGlobalSection
	GlobalSection(ProjectConfigurationPlatforms) = postSolution
		{492D2BAA-37E4-4668-8467-F803C5C1F31A}.Debug|Any CPU.ActiveCfg = Debug|Any CPU
		{492D2BAA-37E4-4668-8467-F803C5C1F31A}.Debug|Any CPU.Build.0 = Debug|Any CPU
		{492D2BAA-37E4-4668-8467-F803C5C1F31A}.Release|Any CPU.ActiveCfg = Release|Any CPU
		{492D2BAA-37E4-4668-8467-F803C5C1F31A}.Release|Any CPU.Build.0 = Release|Any CPU
	EndGlobalSection
	GlobalSection(SolutionProperties) = preSolution
		HideSolutionNode = FALSE
	EndGlobalSection
	GlobalSection(ExtensibilityGlobals) = postSolution
		SolutionGuid = {1FFE0F21-2FF0-4797-B610-EE9330B8B9CF}
	EndGlobalSection
EndGlobal
